<?xml version="1.0" encoding="utf-8"?>
<Project ToolsVersion="4.0" xmlns="http://schemas.microsoft.com/developer/msbuild/2003">
  <ItemGroup>
    <Filter Include="Source Files">
      <UniqueIdentifier>{4FC737F1-C7A5-4376-A066-2A32D752A2FF}</UniqueIdentifier>
      <Extensions>cpp;c;cc;cxx;c++;cppm;ixx;def;odl;idl;hpj;bat;asm;asmx</Extensions>
    </Filter>
    <Filter Include="Header Files">
      <UniqueIdentifier>{93995380-89BD-4b04-88EB-625FBE52EBFB}</UniqueIdentifier>
      <Extensions>h;hh;hpp;hxx;h++;hm;inl;inc;ipp;xsd</Extensions>
    </Filter>
    <Filter Include="Resource Files">
      <UniqueIdentifier>{67DA6AB6-F800-4c08-8B7A-83BB121AAD01}</UniqueIdentifier>
      <Extensions>rc;ico;cur;bmp;dlg;rc2;rct;bin;rgs;gif;jpg;jpeg;jpe;resx;tiff;tif;png;wav;mfcribbon-ms</Extensions>
    </Filter>
  </ItemGroup>
  <ItemGroup>
    <ClCompile Include="HMS.cpp">
      <Filter>Source Files</Filter>
    </ClCompile>
    <ClCompile Include="AdminLogin.cpp">
      <Filter>Source Files</Filter>
    </ClCompile>
    <ClCompile Include="main.cpp">
      <Filter>Source Files</Filter>
    </ClCompile>
    <ClCompile Include="Admin.cpp">
      <Filter>Source Files</Filter>
    </ClCompile>
    <ClCompile Include="AdmMngUser.cpp">
      <Filter>Source Files</Filter>
    </ClCompile>
    <ClCompile Include="AdmMngCust.cpp">
      <Filter>Source Files</Filter>
    </ClCompile>
    <ClCompile Include="UserLogin.cpp">
      <Filter>Header Files</Filter>
    </ClCompile>
    <ClCompile Include="User.cpp">
      <Filter>Source Files</Filter>
    </ClCompile>
    <ClCompile Include="CustomerLogin.cpp">
      <Filter>Source Files</Filter>
    </ClCompile>
    <ClCompile Include="CustomerRegister.cpp">
      <Filter>Source Files</Filter>
    </ClCompile>
    <ClCompile Include="Customer.cpp">
      <Filter>Source Files</Filter>
    </ClCompile>
    <ClCompile Include="HotelRoom.cpp">
      <Filter>Source Files</Filter>
    </ClCompile>
    <ClCompile Include="HotelAddRoom.cpp">
      <Filter>Source Files</Filter>
    </ClCompile>
    <ClCompile Include="HotelEditRoom.cpp">
      <Filter>Source Files</Filter>
    </ClCompile>
    <ClCompile Include="HotelOccupyRoom.cpp">
      <Filter>Source Files</Filter>
    </ClCompile>
    <ClCompile Include="HotelBookings.cpp">
      <Filter>Source Files</Filter>
    </ClCompile>
    <ClCompile Include="CustSearchRoom.cpp">
      <Filter>Source Files</Filter>
    </ClCompile>
    <ClCompile Include="CustBookRoom.cpp">
      <Filter>Source Files</Filter>
    </ClCompile>
    <ClCompile Include="CustBHistory.cpp">
      <Filter>Source Files</Filter>
    </ClCompile>
    <ClCompile Include="hmsHomepage.cpp">
      <Filter>Source Files</Filter>
    </ClCompile>
    <ClCompile Include="HRestaurant.cpp">
      <Filter>Source Files</Filter>
    </ClCompile>
    <ClCompile Include="HRcrudItem.cpp">
      <Filter>Source Files</Filter>
    </ClCompile>
    <ClCompile Include="HRbilling.cpp">
      <Filter>Source Files</Filter>
    </ClCompile>
  </ItemGroup>
  <ItemGroup>
    <ClInclude Include="HMS.h">
      <Filter>Header Files</Filter>
    </ClInclude>
    <ClInclude Include="AdminLogin.h">
      <Filter>Header Files</Filter>
    </ClInclude>
    <ClInclude Include="admindata.h">
      <Filter>Header Files</Filter>
    </ClInclude>
    <ClInclude Include="Admin.h">
      <Filter>Header Files</Filter>
    </ClInclude>
    <ClInclude Include="AdmMngUser.h">
      <Filter>Header Files</Filter>
    </ClInclude>
    <ClInclude Include="AdmMngCust.h">
      <Filter>Header Files</Filter>
    </ClInclude>
    <ClInclude Include="UserLogin.h">
      <Filter>Header Files</Filter>
    </ClInclude>
    <ClInclude Include="userdata.h">
      <Filter>Header Files</Filter>
    </ClInclude>
    <ClInclude Include="User.h">
      <Filter>Header Files</Filter>
    </ClInclude>
    <ClInclude Include="CustomerLogin.h">
      <Filter>Header Files</Filter>
    </ClInclude>
    <ClInclude Include="customerdata.h">
      <Filter>Header Files</Filter>
    </ClInclude>
    <ClInclude Include="CustomerRegister.h">
      <Filter>Header Files</Filter>
    </ClInclude>
    <ClInclude Include="Customer.h">
      <Filter>Header Files</Filter>
    </ClInclude>
    <ClInclude Include="HotelRoom.h">
      <Filter>Header Files</Filter>
    </ClInclude>
    <ClInclude Include="HotelAddRoom.h">
      <Filter>Header Files</Filter>
    </ClInclude>
    <ClInclude Include="HotelEditRoom.h">
      <Filter>Header Files</Filter>
    </ClInclude>
    <ClInclude Include="HotelOccupyRoom.h">
      <Filter>Header Files</Filter>
    </ClInclude>
    <ClInclude Include="HotelBookings.h">
      <Filter>Header Files</Filter>
    </ClInclude>
    <ClInclude Include="CustSearchRoom.h">
      <Filter>Header Files</Filter>
    </ClInclude>
    <ClInclude Include="CustBookRoom.h">
      <Filter>Header Files</Filter>
    </ClInclude>
    <ClInclude Include="CustBHistory.h">
      <Filter>Header Files</Filter>
    </ClInclude>
    <ClInclude Include="hmsHomepage.h">
      <Filter>Header Files</Filter>
    </ClInclude>
    <ClInclude Include="HRestaurant.h">
      <Filter>Header Files</Filter>
    </ClInclude>
    <ClInclude Include="HRcrudItem.h">
      <Filter>Header Files</Filter>
    </ClInclude>
    <ClInclude Include="HRbilling.h">
      <Filter>Header Files</Filter>
    </ClInclude>
  </ItemGroup>
</Project>